
Microsoft Visual Studio Solution File, Format Version 12.00
# Visual Studio Version 16
VisualStudioVersion = 16.0.32002.261
MinimumVisualStudioVersion = 10.0.40219.1
Project("{FAE04EC0-301F-11D3-BF4B-00C04F79EFBC}") = "ExamWcfService", "ExamWcfService\ExamWcfService.csproj", "{653EB053-954C-470A-BCAB-BA0FA0722F23}"
EndProject
Global
	GlobalSection(SolutionConfigurationPlatforms) = preSolution
		Debug|Any CPU = Debug|Any CPU
		Release|Any CPU = Release|Any CPU
	EndGlobalSection
	GlobalSection(ProjectConfigurationPlatforms) = postSolution
		{653EB053-954C-470A-BCAB-BA0FA0722F23}.Debug|Any CPU.ActiveCfg = Debug|Any CPU
		{653EB053-954C-470A-BCAB-BA0FA0722F23}.Debug|Any CPU.Build.0 = Debug|Any CPU
		{653EB053-954C-470A-BCAB-BA0FA0722F23}.Release|Any CPU.ActiveCfg = Release|Any CPU
		{653EB053-954C-470A-BCAB-BA0FA0722F23}.Release|Any CPU.Build.0 = Release|Any CPU
	EndGlobalSection
	GlobalSection(SolutionProperties) = preSolution
		HideSolutionNode = FALSE
	EndGlobalSection
	GlobalSection(ExtensibilityGlobals) = postSolution
		SolutionGuid = {1C08DCFA-5485-44E3-B186-D26DAB0BACDC}
	EndGlobalSection
EndGlobal
